
Microsoft Visual Studio Solution File, Format Version 12.00
# Visual Studio Version 17
VisualStudioVersion = 17.5.33516.290
MinimumVisualStudioVersion = 10.0.40219.1
Project("{FAE04EC0-301F-11D3-BF4B-00C04F79EFBC}") = "Problema #28", "Problema #28\Problema #28.csproj", "{DCB19DF7-509A-4F63-BE59-B22EDBC7BDFF}"
EndProject
Global
	GlobalSection(SolutionConfigurationPlatforms) = preSolution
		Debug|Any CPU = Debug|Any CPU
		Release|Any CPU = Release|Any CPU
	EndGlobalSection
	GlobalSection(ProjectConfigurationPlatforms) = postSolution
		{DCB19DF7-509A-4F63-BE59-B22EDBC7BDFF}.Debug|Any CPU.ActiveCfg = Debug|Any CPU
		{DCB19DF7-509A-4F63-BE59-B22EDBC7BDFF}.Debug|Any CPU.Build.0 = Debug|Any CPU
		{DCB19DF7-509A-4F63-BE59-B22EDBC7BDFF}.Release|Any CPU.ActiveCfg = Release|Any CPU
		{DCB19DF7-509A-4F63-BE59-B22EDBC7BDFF}.Release|Any CPU.Build.0 = Release|Any CPU
	EndGlobalSection
	GlobalSection(SolutionProperties) = preSolution
		HideSolutionNode = FALSE
	EndGlobalSection
	GlobalSection(ExtensibilityGlobals) = postSolution
		SolutionGuid = {199A32BA-534E-479B-9B29-35041787CFE9}
	EndGlobalSection
EndGlobal
