
Microsoft Visual Studio Solution File, Format Version 12.00
# Visual Studio Version 17
VisualStudioVersion = 17.5.33516.290
MinimumVisualStudioVersion = 10.0.40219.1
Project("{FAE04EC0-301F-11D3-BF4B-00C04F79EFBC}") = "Problema #36", "Problema #36\Problema #36.csproj", "{316FC2B0-857C-450B-A31A-D6AA90AB52EC}"
EndProject
Global
	GlobalSection(SolutionConfigurationPlatforms) = preSolution
		Debug|Any CPU = Debug|Any CPU
		Release|Any CPU = Release|Any CPU
	EndGlobalSection
	GlobalSection(ProjectConfigurationPlatforms) = postSolution
		{316FC2B0-857C-450B-A31A-D6AA90AB52EC}.Debug|Any CPU.ActiveCfg = Debug|Any CPU
		{316FC2B0-857C-450B-A31A-D6AA90AB52EC}.Debug|Any CPU.Build.0 = Debug|Any CPU
		{316FC2B0-857C-450B-A31A-D6AA90AB52EC}.Release|Any CPU.ActiveCfg = Release|Any CPU
		{316FC2B0-857C-450B-A31A-D6AA90AB52EC}.Release|Any CPU.Build.0 = Release|Any CPU
	EndGlobalSection
	GlobalSection(SolutionProperties) = preSolution
		HideSolutionNode = FALSE
	EndGlobalSection
	GlobalSection(ExtensibilityGlobals) = postSolution
		SolutionGuid = {F4C59695-BD87-464A-8D59-813E10B06E61}
	EndGlobalSection
EndGlobal
