
Microsoft Visual Studio Solution File, Format Version 12.00
# Visual Studio Version 17
VisualStudioVersion = 17.5.33516.290
MinimumVisualStudioVersion = 10.0.40219.1
Project("{FAE04EC0-301F-11D3-BF4B-00C04F79EFBC}") = "Problema #33", "Problema #33\Problema #33.csproj", "{413570EF-4371-44EA-B8A1-FEEC6306165D}"
EndProject
Global
	GlobalSection(SolutionConfigurationPlatforms) = preSolution
		Debug|Any CPU = Debug|Any CPU
		Release|Any CPU = Release|Any CPU
	EndGlobalSection
	GlobalSection(ProjectConfigurationPlatforms) = postSolution
		{413570EF-4371-44EA-B8A1-FEEC6306165D}.Debug|Any CPU.ActiveCfg = Debug|Any CPU
		{413570EF-4371-44EA-B8A1-FEEC6306165D}.Debug|Any CPU.Build.0 = Debug|Any CPU
		{413570EF-4371-44EA-B8A1-FEEC6306165D}.Release|Any CPU.ActiveCfg = Release|Any CPU
		{413570EF-4371-44EA-B8A1-FEEC6306165D}.Release|Any CPU.Build.0 = Release|Any CPU
	EndGlobalSection
	GlobalSection(SolutionProperties) = preSolution
		HideSolutionNode = FALSE
	EndGlobalSection
	GlobalSection(ExtensibilityGlobals) = postSolution
		SolutionGuid = {6F17B026-1FBE-4C29-A625-FE235C01F966}
	EndGlobalSection
EndGlobal
