
Microsoft Visual Studio Solution File, Format Version 12.00
# Visual Studio Version 17
VisualStudioVersion = 17.5.33516.290
MinimumVisualStudioVersion = 10.0.40219.1
Project("{FAE04EC0-301F-11D3-BF4B-00C04F79EFBC}") = "Problema #21", "Problema #21\Problema #21.csproj", "{D0CA0322-F0D6-478B-A764-20E181A744C9}"
EndProject
Global
	GlobalSection(SolutionConfigurationPlatforms) = preSolution
		Debug|Any CPU = Debug|Any CPU
		Release|Any CPU = Release|Any CPU
	EndGlobalSection
	GlobalSection(ProjectConfigurationPlatforms) = postSolution
		{D0CA0322-F0D6-478B-A764-20E181A744C9}.Debug|Any CPU.ActiveCfg = Debug|Any CPU
		{D0CA0322-F0D6-478B-A764-20E181A744C9}.Debug|Any CPU.Build.0 = Debug|Any CPU
		{D0CA0322-F0D6-478B-A764-20E181A744C9}.Release|Any CPU.ActiveCfg = Release|Any CPU
		{D0CA0322-F0D6-478B-A764-20E181A744C9}.Release|Any CPU.Build.0 = Release|Any CPU
	EndGlobalSection
	GlobalSection(SolutionProperties) = preSolution
		HideSolutionNode = FALSE
	EndGlobalSection
	GlobalSection(ExtensibilityGlobals) = postSolution
		SolutionGuid = {270B3F07-5E8B-446E-8077-12FBEC1C2700}
	EndGlobalSection
EndGlobal
