
Microsoft Visual Studio Solution File, Format Version 12.00
# Visual Studio Version 17
VisualStudioVersion = 17.5.33516.290
MinimumVisualStudioVersion = 10.0.40219.1
Project("{FAE04EC0-301F-11D3-BF4B-00C04F79EFBC}") = "Problema #16", "Problema #16\Problema #16.csproj", "{AE2E5D05-D577-425D-A2D3-D0C4E8407201}"
EndProject
Global
	GlobalSection(SolutionConfigurationPlatforms) = preSolution
		Debug|Any CPU = Debug|Any CPU
		Release|Any CPU = Release|Any CPU
	EndGlobalSection
	GlobalSection(ProjectConfigurationPlatforms) = postSolution
		{AE2E5D05-D577-425D-A2D3-D0C4E8407201}.Debug|Any CPU.ActiveCfg = Debug|Any CPU
		{AE2E5D05-D577-425D-A2D3-D0C4E8407201}.Debug|Any CPU.Build.0 = Debug|Any CPU
		{AE2E5D05-D577-425D-A2D3-D0C4E8407201}.Release|Any CPU.ActiveCfg = Release|Any CPU
		{AE2E5D05-D577-425D-A2D3-D0C4E8407201}.Release|Any CPU.Build.0 = Release|Any CPU
	EndGlobalSection
	GlobalSection(SolutionProperties) = preSolution
		HideSolutionNode = FALSE
	EndGlobalSection
	GlobalSection(ExtensibilityGlobals) = postSolution
		SolutionGuid = {032FBDC4-997B-42A9-8C3B-BA7E6A98745F}
	EndGlobalSection
EndGlobal
