
Microsoft Visual Studio Solution File, Format Version 12.00
# Visual Studio Version 17
VisualStudioVersion = 17.5.33516.290
MinimumVisualStudioVersion = 10.0.40219.1
Project("{FAE04EC0-301F-11D3-BF4B-00C04F79EFBC}") = "Problema #47", "Problema #47\Problema #47.csproj", "{60C572E4-7680-4A47-A544-491D55C61AAD}"
EndProject
Global
	GlobalSection(SolutionConfigurationPlatforms) = preSolution
		Debug|Any CPU = Debug|Any CPU
		Release|Any CPU = Release|Any CPU
	EndGlobalSection
	GlobalSection(ProjectConfigurationPlatforms) = postSolution
		{60C572E4-7680-4A47-A544-491D55C61AAD}.Debug|Any CPU.ActiveCfg = Debug|Any CPU
		{60C572E4-7680-4A47-A544-491D55C61AAD}.Debug|Any CPU.Build.0 = Debug|Any CPU
		{60C572E4-7680-4A47-A544-491D55C61AAD}.Release|Any CPU.ActiveCfg = Release|Any CPU
		{60C572E4-7680-4A47-A544-491D55C61AAD}.Release|Any CPU.Build.0 = Release|Any CPU
	EndGlobalSection
	GlobalSection(SolutionProperties) = preSolution
		HideSolutionNode = FALSE
	EndGlobalSection
	GlobalSection(ExtensibilityGlobals) = postSolution
		SolutionGuid = {0F2CDF0A-B0D5-48B2-997F-C8F5B6257B0D}
	EndGlobalSection
EndGlobal
